
Microsoft Visual Studio Solution File, Format Version 12.00
# Visual Studio 2013
VisualStudioVersion = 12.0.21005.1
MinimumVisualStudioVersion = 10.0.40219.1
Project("{FAE04EC0-301F-11D3-BF4B-00C04F79EFBC}") = "MVCSample", "MVCSample\MVCSample.csproj", "{565BBA41-9BA9-4DBC-AF49-826AB3604078}"
EndProject
Project("{2150E333-8FDC-42A3-9474-1A3956D46DE8}") = "Solution Items", "Solution Items", "{C3555B8B-564C-4C9E-A846-2FA1FD41D5BA}"
	ProjectSection(SolutionItems) = preProject
		Latest.txt = Latest.txt
		README.txt = README.txt
	EndProjectSection
EndProject
Project("{FAE04EC0-301F-11D3-BF4B-00C04F79EFBC}") = "MVCAuthentication", "MVCAuthentication\MVCAuthentication.csproj", "{52D48ACD-22D0-4A8E-85E8-F7A43178C916}"
EndProject
Project("{FAE04EC0-301F-11D3-BF4B-00C04F79EFBC}") = "MvcAuthWithEmailConfirmation", "MvcAuthWithEmailConfirmation\MvcAuthWithEmailConfirmation.csproj", "{ABDB460D-D23B-490E-8BA9-27CDCBC60CDE}"
EndProject
Project("{FAE04EC0-301F-11D3-BF4B-00C04F79EFBC}") = "MvcRequireConfirmBeforeLogin", "MvcRequireConfirmBeforeLogin\MvcRequireConfirmBeforeLogin.csproj", "{8854233F-012E-46D7-9575-B8BDB9DE2A96}"
EndProject
Global
	GlobalSection(SolutionConfigurationPlatforms) = preSolution
		Debug|Any CPU = Debug|Any CPU
		Release|Any CPU = Release|Any CPU
	EndGlobalSection
	GlobalSection(ProjectConfigurationPlatforms) = postSolution
		{565BBA41-9BA9-4DBC-AF49-826AB3604078}.Debug|Any CPU.ActiveCfg = Debug|Any CPU
		{565BBA41-9BA9-4DBC-AF49-826AB3604078}.Debug|Any CPU.Build.0 = Debug|Any CPU
		{565BBA41-9BA9-4DBC-AF49-826AB3604078}.Release|Any CPU.ActiveCfg = Release|Any CPU
		{565BBA41-9BA9-4DBC-AF49-826AB3604078}.Release|Any CPU.Build.0 = Release|Any CPU
		{52D48ACD-22D0-4A8E-85E8-F7A43178C916}.Debug|Any CPU.ActiveCfg = Debug|Any CPU
		{52D48ACD-22D0-4A8E-85E8-F7A43178C916}.Debug|Any CPU.Build.0 = Debug|Any CPU
		{52D48ACD-22D0-4A8E-85E8-F7A43178C916}.Release|Any CPU.ActiveCfg = Release|Any CPU
		{52D48ACD-22D0-4A8E-85E8-F7A43178C916}.Release|Any CPU.Build.0 = Release|Any CPU
		{ABDB460D-D23B-490E-8BA9-27CDCBC60CDE}.Debug|Any CPU.ActiveCfg = Debug|Any CPU
		{ABDB460D-D23B-490E-8BA9-27CDCBC60CDE}.Debug|Any CPU.Build.0 = Debug|Any CPU
		{ABDB460D-D23B-490E-8BA9-27CDCBC60CDE}.Release|Any CPU.ActiveCfg = Release|Any CPU
		{ABDB460D-D23B-490E-8BA9-27CDCBC60CDE}.Release|Any CPU.Build.0 = Release|Any CPU
		{8854233F-012E-46D7-9575-B8BDB9DE2A96}.Debug|Any CPU.ActiveCfg = Debug|Any CPU
		{8854233F-012E-46D7-9575-B8BDB9DE2A96}.Debug|Any CPU.Build.0 = Debug|Any CPU
		{8854233F-012E-46D7-9575-B8BDB9DE2A96}.Release|Any CPU.ActiveCfg = Release|Any CPU
		{8854233F-012E-46D7-9575-B8BDB9DE2A96}.Release|Any CPU.Build.0 = Release|Any CPU
	EndGlobalSection
	GlobalSection(SolutionProperties) = preSolution
		HideSolutionNode = FALSE
	EndGlobalSection
EndGlobal
